// !$*UTF8*$!
{
	archiveVersion = 1;
	classes = {
	};
	objectVersion = 56;
	objects = {

/* Begin PBXBuildFile section */
		D03E63B72A569F67002E64E3 /* ProductRepository.swift in Sources */ = {isa = PBXBuildFile; fileRef = D03E63B62A569F67002E64E3 /* ProductRepository.swift */; };
		D03E63BB2A56A3FB002E64E3 /* JSONLoader.swift in Sources */ = {isa = PBXBuildFile; fileRef = D03E63BA2A56A3FB002E64E3 /* JSONLoader.swift */; };
		D03E63BD2A56A49A002E64E3 /* products.json in Resources */ = {isa = PBXBuildFile; fileRef = D03E63BC2A56A49A002E64E3 /* products.json */; };
		D0429E0C2A5506DF006977A6 /* company_catalogApp.swift in Sources */ = {isa = PBXBuildFile; fileRef = D0429E0B2A5506DF006977A6 /* company_catalogApp.swift */; };
		D0429E0E2A5506DF006977A6 /* ContentView.swift in Sources */ = {isa = PBXBuildFile; fileRef = D0429E0D2A5506DF006977A6 /* ContentView.swift */; };
		D0429E102A5506E0006977A6 /* Assets.xcassets in Resources */ = {isa = PBXBuildFile; fileRef = D0429E0F2A5506E0006977A6 /* Assets.xcassets */; };
		D0429E132A5506E0006977A6 /* Preview Assets.xcassets in Resources */ = {isa = PBXBuildFile; fileRef = D0429E122A5506E0006977A6 /* Preview Assets.xcassets */; };
		D0429E1B2A550855006977A6 /* Product.swift in Sources */ = {isa = PBXBuildFile; fileRef = D0429E1A2A550855006977A6 /* Product.swift */; };
		D0429E1E2A55090C006977A6 /* ProductRowView.swift in Sources */ = {isa = PBXBuildFile; fileRef = D0429E1D2A55090C006977A6 /* ProductRowView.swift */; };
		D0429E202A55096B006977A6 /* ImageLoader.swift in Sources */ = {isa = PBXBuildFile; fileRef = D0429E1F2A55096B006977A6 /* ImageLoader.swift */; };
		D0429E232A550DFD006977A6 /* ProductController.swift in Sources */ = {isa = PBXBuildFile; fileRef = D0429E222A550DFD006977A6 /* ProductController.swift */; };
		D0A60D382A56F11C002D4359 /* ProductControllerTests.swift in Sources */ = {isa = PBXBuildFile; fileRef = D0A60D372A56F11C002D4359 /* ProductControllerTests.swift */; };
		D0A60D392A56F141002D4359 /* ProductController.swift in Sources */ = {isa = PBXBuildFile; fileRef = D0429E222A550DFD006977A6 /* ProductController.swift */; };
		D0A60D3A2A56F15C002D4359 /* ProductRepository.swift in Sources */ = {isa = PBXBuildFile; fileRef = D03E63B62A569F67002E64E3 /* ProductRepository.swift */; };
		D0A60D3B2A56F162002D4359 /* Product.swift in Sources */ = {isa = PBXBuildFile; fileRef = D0429E1A2A550855006977A6 /* Product.swift */; };
		D0A60D3C2A56F1C3002D4359 /* JSONLoader.swift in Sources */ = {isa = PBXBuildFile; fileRef = D03E63BA2A56A3FB002E64E3 /* JSONLoader.swift */; };
/* End PBXBuildFile section */

/* Begin PBXContainerItemProxy section */
		D0A60D322A56F0F3002D4359 /* PBXContainerItemProxy */ = {
			isa = PBXContainerItemProxy;
			containerPortal = D0429E002A5506DF006977A6 /* Project object */;
			proxyType = 1;
			remoteGlobalIDString = D0429E072A5506DF006977A6;
			remoteInfo = "company catalog";
		};
/* End PBXContainerItemProxy section */

/* Begin PBXFileReference section */
		D03E63B62A569F67002E64E3 /* ProductRepository.swift */ = {isa = PBXFileReference; lastKnownFileType = sourcecode.swift; path = ProductRepository.swift; sourceTree = "<group>"; };
		D03E63BA2A56A3FB002E64E3 /* JSONLoader.swift */ = {isa = PBXFileReference; lastKnownFileType = sourcecode.swift; path = JSONLoader.swift; sourceTree = "<group>"; };
		D03E63BC2A56A49A002E64E3 /* products.json */ = {isa = PBXFileReference; fileEncoding = 4; lastKnownFileType = text.json; path = products.json; sourceTree = "<group>"; };
		D0429E082A5506DF006977A6 /* company catalog.app */ = {isa = PBXFileReference; explicitFileType = wrapper.application; includeInIndex = 0; path = "company catalog.app"; sourceTree = BUILT_PRODUCTS_DIR; };
		D0429E0B2A5506DF006977A6 /* company_catalogApp.swift */ = {isa = PBXFileReference; lastKnownFileType = sourcecode.swift; path = company_catalogApp.swift; sourceTree = "<group>"; };
		D0429E0D2A5506DF006977A6 /* ContentView.swift */ = {isa = PBXFileReference; lastKnownFileType = sourcecode.swift; path = ContentView.swift; sourceTree = "<group>"; };
		D0429E0F2A5506E0006977A6 /* Assets.xcassets */ = {isa = PBXFileReference; lastKnownFileType = folder.assetcatalog; path = Assets.xcassets; sourceTree = "<group>"; };
		D0429E122A5506E0006977A6 /* Preview Assets.xcassets */ = {isa = PBXFileReference; lastKnownFileType = folder.assetcatalog; path = "Preview Assets.xcassets"; sourceTree = "<group>"; };
		D0429E1A2A550855006977A6 /* Product.swift */ = {isa = PBXFileReference; lastKnownFileType = sourcecode.swift; path = Product.swift; sourceTree = "<group>"; };
		D0429E1D2A55090C006977A6 /* ProductRowView.swift */ = {isa = PBXFileReference; lastKnownFileType = sourcecode.swift; path = ProductRowView.swift; sourceTree = "<group>"; };
		D0429E1F2A55096B006977A6 /* ImageLoader.swift */ = {isa = PBXFileReference; lastKnownFileType = sourcecode.swift; path = ImageLoader.swift; sourceTree = "<group>"; };
		D0429E222A550DFD006977A6 /* ProductController.swift */ = {isa = PBXFileReference; lastKnownFileType = sourcecode.swift; path = ProductController.swift; sourceTree = "<group>"; };
		D0A60D2E2A56F0F3002D4359 /* company catalogTests.xctest */ = {isa = PBXFileReference; explicitFileType = wrapper.cfbundle; includeInIndex = 0; path = "company catalogTests.xctest"; sourceTree = BUILT_PRODUCTS_DIR; };
		D0A60D372A56F11C002D4359 /* ProductControllerTests.swift */ = {isa = PBXFileReference; lastKnownFileType = sourcecode.swift; path = ProductControllerTests.swift; sourceTree = "<group>"; };
/* End PBXFileReference section */

/* Begin PBXFrameworksBuildPhase section */
		D0429E052A5506DF006977A6 /* Frameworks */ = {
			isa = PBXFrameworksBuildPhase;
			buildActionMask = 2147483647;
			files = (
			);
			runOnlyForDeploymentPostprocessing = 0;
		};
		D0A60D2B2A56F0F3002D4359 /* Frameworks */ = {
			isa = PBXFrameworksBuildPhase;
			buildActionMask = 2147483647;
			files = (
			);
			runOnlyForDeploymentPostprocessing = 0;
		};
/* End PBXFrameworksBuildPhase section */

/* Begin PBXGroup section */
		D03E63BE2A56B499002E64E3 /* Data */ = {
			isa = PBXGroup;
			children = (
				D03E63B62A569F67002E64E3 /* ProductRepository.swift */,
				D0429E192A550842006977A6 /* Models */,
			);
			path = Data;
			sourceTree = "<group>";
		};
		D0429DFF2A5506DF006977A6 = {
			isa = PBXGroup;
			children = (
				D0429E0A2A5506DF006977A6 /* company catalog */,
				D0A60D2F2A56F0F3002D4359 /* company catalogTests */,
				D0429E092A5506DF006977A6 /* Products */,
			);
			sourceTree = "<group>";
		};
		D0429E092A5506DF006977A6 /* Products */ = {
			isa = PBXGroup;
			children = (
				D0429E082A5506DF006977A6 /* company catalog.app */,
				D0A60D2E2A56F0F3002D4359 /* company catalogTests.xctest */,
			);
			name = Products;
			sourceTree = "<group>";
		};
		D0429E0A2A5506DF006977A6 /* company catalog */ = {
			isa = PBXGroup;
			children = (
				D03E63BE2A56B499002E64E3 /* Data */,
				D0429E212A550AB4006977A6 /* Utils */,
				D0429E1C2A5508A5006977A6 /* Views */,
				D0429E0B2A5506DF006977A6 /* company_catalogApp.swift */,
				D0429E0F2A5506E0006977A6 /* Assets.xcassets */,
				D0429E112A5506E0006977A6 /* Preview Content */,
				D03E63BC2A56A49A002E64E3 /* products.json */,
			);
			path = "company catalog";
			sourceTree = "<group>";
		};
		D0429E112A5506E0006977A6 /* Preview Content */ = {
			isa = PBXGroup;
			children = (
				D0429E122A5506E0006977A6 /* Preview Assets.xcassets */,
			);
			path = "Preview Content";
			sourceTree = "<group>";
		};
		D0429E192A550842006977A6 /* Models */ = {
			isa = PBXGroup;
			children = (
				D0429E1A2A550855006977A6 /* Product.swift */,
			);
			path = Models;
			sourceTree = "<group>";
		};
		D0429E1C2A5508A5006977A6 /* Views */ = {
			isa = PBXGroup;
			children = (
				D0429E0D2A5506DF006977A6 /* ContentView.swift */,
				D0429E1D2A55090C006977A6 /* ProductRowView.swift */,
				D0429E222A550DFD006977A6 /* ProductController.swift */,
			);
			path = Views;
			sourceTree = "<group>";
		};
		D0429E212A550AB4006977A6 /* Utils */ = {
			isa = PBXGroup;
			children = (
				D03E63BA2A56A3FB002E64E3 /* JSONLoader.swift */,
				D0429E1F2A55096B006977A6 /* ImageLoader.swift */,
			);
			path = Utils;
			sourceTree = "<group>";
		};
		D0A60D2F2A56F0F3002D4359 /* company catalogTests */ = {
			isa = PBXGroup;
			children = (
				D0A60D372A56F11C002D4359 /* ProductControllerTests.swift */,
			);
			path = "company catalogTests";
			sourceTree = "<group>";
		};
/* End PBXGroup section */

/* Begin PBXNativeTarget section */
		D0429E072A5506DF006977A6 /* company catalog */ = {
			isa = PBXNativeTarget;
			buildConfigurationList = D0429E162A5506E0006977A6 /* Build configuration list for PBXNativeTarget "company catalog" */;
			buildPhases = (
				D0429E042A5506DF006977A6 /* Sources */,
				D0429E052A5506DF006977A6 /* Frameworks */,
				D0429E062A5506DF006977A6 /* Resources */,
			);
			buildRules = (
			);
			dependencies = (
			);
			name = "company catalog";
			productName = "company catalog";
			productReference = D0429E082A5506DF006977A6 /* company catalog.app */;
			productType = "com.apple.product-type.application";
		};
		D0A60D2D2A56F0F3002D4359 /* company catalogTests */ = {
			isa = PBXNativeTarget;
			buildConfigurationList = D0A60D342A56F0F3002D4359 /* Build configuration list for PBXNativeTarget "company catalogTests" */;
			buildPhases = (
				D0A60D2A2A56F0F3002D4359 /* Sources */,
				D0A60D2B2A56F0F3002D4359 /* Frameworks */,
				D0A60D2C2A56F0F3002D4359 /* Resources */,
			);
			buildRules = (
			);
			dependencies = (
				D0A60D332A56F0F3002D4359 /* PBXTargetDependency */,
			);
			name = "company catalogTests";
			productName = "company catalogTests";
			productReference = D0A60D2E2A56F0F3002D4359 /* company catalogTests.xctest */;
			productType = "com.apple.product-type.bundle.unit-test";
		};
/* End PBXNativeTarget section */

/* Begin PBXProject section */
		D0429E002A5506DF006977A6 /* Project object */ = {
			isa = PBXProject;
			attributes = {
				BuildIndependentTargetsInParallel = 1;
				LastSwiftUpdateCheck = 1430;
				LastUpgradeCheck = 1430;
				TargetAttributes = {
					D0429E072A5506DF006977A6 = {
						CreatedOnToolsVersion = 14.3.1;
					};
					D0A60D2D2A56F0F3002D4359 = {
						CreatedOnToolsVersion = 14.3.1;
						TestTargetID = D0429E072A5506DF006977A6;
					};
				};
			};
			buildConfigurationList = D0429E032A5506DF006977A6 /* Build configuration list for PBXProject "company catalog" */;
			compatibilityVersion = "Xcode 14.0";
			developmentRegion = en;
			hasScannedForEncodings = 0;
			knownRegions = (
				en,
				Base,
			);
			mainGroup = D0429DFF2A5506DF006977A6;
			productRefGroup = D0429E092A5506DF006977A6 /* Products */;
			projectDirPath = "";
			projectRoot = "";
			targets = (
				D0429E072A5506DF006977A6 /* company catalog */,
				D0A60D2D2A56F0F3002D4359 /* company catalogTests */,
			);
		};
/* End PBXProject section */

/* Begin PBXResourcesBuildPhase section */
		D0429E062A5506DF006977A6 /* Resources */ = {
			isa = PBXResourcesBuildPhase;
			buildActionMask = 2147483647;
			files = (
				D0429E132A5506E0006977A6 /* Preview Assets.xcassets in Resources */,
				D03E63BD2A56A49A002E64E3 /* products.json in Resources */,
				D0429E102A5506E0006977A6 /* Assets.xcassets in Resources */,
			);
			runOnlyForDeploymentPostprocessing = 0;
		};
		D0A60D2C2A56F0F3002D4359 /* Resources */ = {
			isa = PBXResourcesBuildPhase;
			buildActionMask = 2147483647;
			files = (
			);
			runOnlyForDeploymentPostprocessing = 0;
		};
/* End PBXResourcesBuildPhase section */

/* Begin PBXSourcesBuildPhase section */
		D0429E042A5506DF006977A6 /* Sources */ = {
			isa = PBXSourcesBuildPhase;
			buildActionMask = 2147483647;
			files = (
				D0429E0E2A5506DF006977A6 /* ContentView.swift in Sources */,
				D0429E232A550DFD006977A6 /* ProductController.swift in Sources */,
				D03E63BB2A56A3FB002E64E3 /* JSONLoader.swift in Sources */,
				D0429E0C2A5506DF006977A6 /* company_catalogApp.swift in Sources */,
				D03E63B72A569F67002E64E3 /* ProductRepository.swift in Sources */,
				D0429E202A55096B006977A6 /* ImageLoader.swift in Sources */,
				D0429E1B2A550855006977A6 /* Product.swift in Sources */,
				D0429E1E2A55090C006977A6 /* ProductRowView.swift in Sources */,
			);
			runOnlyForDeploymentPostprocessing = 0;
		};
		D0A60D2A2A56F0F3002D4359 /* Sources */ = {
			isa = PBXSourcesBuildPhase;
			buildActionMask = 2147483647;
			files = (
				D0A60D392A56F141002D4359 /* ProductController.swift in Sources */,
				D0A60D3C2A56F1C3002D4359 /* JSONLoader.swift in Sources */,
				D0A60D3B2A56F162002D4359 /* Product.swift in Sources */,
				D0A60D382A56F11C002D4359 /* ProductControllerTests.swift in Sources */,
				D0A60D3A2A56F15C002D4359 /* ProductRepository.swift in Sources */,
			);
			runOnlyForDeploymentPostprocessing = 0;
		};
/* End PBXSourcesBuildPhase section */

/* Begin PBXTargetDependency section */
		D0A60D332A56F0F3002D4359 /* PBXTargetDependency */ = {
			isa = PBXTargetDependency;
			target = D0429E072A5506DF006977A6 /* company catalog */;
			targetProxy = D0A60D322A56F0F3002D4359 /* PBXContainerItemProxy */;
		};
/* End PBXTargetDependency section */

/* Begin XCBuildConfiguration section */
		D0429E142A5506E0006977A6 /* Debug */ = {
			isa = XCBuildConfiguration;
			buildSettings = {
				ALWAYS_SEARCH_USER_PATHS = NO;
				CLANG_ANALYZER_NONNULL = YES;
				CLANG_ANALYZER_NUMBER_OBJECT_CONVERSION = YES_AGGRESSIVE;
				CLANG_CXX_LANGUAGE_STANDARD = "gnu++20";
				CLANG_ENABLE_MODULES = YES;
				CLANG_ENABLE_OBJC_ARC = YES;
				CLANG_ENABLE_OBJC_WEAK = YES;
				CLANG_WARN_BLOCK_CAPTURE_AUTORELEASING = YES;
				CLANG_WARN_BOOL_CONVERSION = YES;
				CLANG_WARN_COMMA = YES;
				CLANG_WARN_CONSTANT_CONVERSION = YES;
				CLANG_WARN_DEPRECATED_OBJC_IMPLEMENTATIONS = YES;
				CLANG_WARN_DIRECT_OBJC_ISA_USAGE = YES_ERROR;
				CLANG_WARN_DOCUMENTATION_COMMENTS = YES;
				CLANG_WARN_EMPTY_BODY = YES;
				CLANG_WARN_ENUM_CONVERSION = YES;
				CLANG_WARN_INFINITE_RECURSION = YES;
				CLANG_WARN_INT_CONVERSION = YES;
				CLANG_WARN_NON_LITERAL_NULL_CONVERSION = YES;
				CLANG_WARN_OBJC_IMPLICIT_RETAIN_SELF = YES;
				CLANG_WARN_OBJC_LITERAL_CONVERSION = YES;
				CLANG_WARN_OBJC_ROOT_CLASS = YES_ERROR;
				CLANG_WARN_QUOTED_INCLUDE_IN_FRAMEWORK_HEADER = YES;
				CLANG_WARN_RANGE_LOOP_ANALYSIS = YES;
				CLANG_WARN_STRICT_PROTOTYPES = YES;
				CLANG_WARN_SUSPICIOUS_MOVE = YES;
				CLANG_WARN_UNGUARDED_AVAILABILITY = YES_AGGRESSIVE;
				CLANG_WARN_UNREACHABLE_CODE = YES;
				CLANG_WARN__DUPLICATE_METHOD_MATCH = YES;
				COPY_PHASE_STRIP = NO;
				DEBUG_INFORMATION_FORMAT = dwarf;
				ENABLE_STRICT_OBJC_MSGSEND = YES;
				ENABLE_TESTABILITY = YES;
				GCC_C_LANGUAGE_STANDARD = gnu11;
				GCC_DYNAMIC_NO_PIC = NO;
				GCC_NO_COMMON_BLOCKS = YES;
				GCC_OPTIMIZATION_LEVEL = 0;
				GCC_PREPROCESSOR_DEFINITIONS = (
					"DEBUG=1",
					"$(inherited)",
				);
				GCC_WARN_64_TO_32_BIT_CONVERSION = YES;
				GCC_WARN_ABOUT_RETURN_TYPE = YES_ERROR;
				GCC_WARN_UNDECLARED_SELECTOR = YES;
				GCC_WARN_UNINITIALIZED_AUTOS = YES_AGGRESSIVE;
				GCC_WARN_UNUSED_FUNCTION = YES;
				GCC_WARN_UNUSED_VARIABLE = YES;
				IPHONEOS_DEPLOYMENT_TARGET = 16.4;
				MTL_ENABLE_DEBUG_INFO = INCLUDE_SOURCE;
				MTL_FAST_MATH = YES;
				ONLY_ACTIVE_ARCH = YES;
				SDKROOT = iphoneos;
				SWIFT_ACTIVE_COMPILATION_CONDITIONS = DEBUG;
				SWIFT_OPTIMIZATION_LEVEL = "-Onone";
			};
			name = Debug;
		};
		D0429E152A5506E0006977A6 /* Release */ = {
			isa = XCBuildConfiguration;
			buildSettings = {
				ALWAYS_SEARCH_USER_PATHS = NO;
				CLANG_ANALYZER_NONNULL = YES;
				CLANG_ANALYZER_NUMBER_OBJECT_CONVERSION = YES_AGGRESSIVE;
				CLANG_CXX_LANGUAGE_STANDARD = "gnu++20";
				CLANG_ENABLE_MODULES = YES;
				CLANG_ENABLE_OBJC_ARC = YES;
				CLANG_ENABLE_OBJC_WEAK = YES;
				CLANG_WARN_BLOCK_CAPTURE_AUTORELEASING = YES;
				CLANG_WARN_BOOL_CONVERSION = YES;
				CLANG_WARN_COMMA = YES;
				CLANG_WARN_CONSTANT_CONVERSION = YES;
				CLANG_WARN_DEPRECATED_OBJC_IMPLEMENTATIONS = YES;
				CLANG_WARN_DIRECT_OBJC_ISA_USAGE = YES_ERROR;
				CLANG_WARN_DOCUMENTATION_COMMENTS = YES;
				CLANG_WARN_EMPTY_BODY = YES;
				CLANG_WARN_ENUM_CONVERSION = YES;
				CLANG_WARN_INFINITE_RECURSION = YES;
				CLANG_WARN_INT_CONVERSION = YES;
				CLANG_WARN_NON_LITERAL_NULL_CONVERSION = YES;
				CLANG_WARN_OBJC_IMPLICIT_RETAIN_SELF = YES;
				CLANG_WARN_OBJC_LITERAL_CONVERSION = YES;
				CLANG_WARN_OBJC_ROOT_CLASS = YES_ERROR;
				CLANG_WARN_QUOTED_INCLUDE_IN_FRAMEWORK_HEADER = YES;
				CLANG_WARN_RANGE_LOOP_ANALYSIS = YES;
				CLANG_WARN_STRICT_PROTOTYPES = YES;
				CLANG_WARN_SUSPICIOUS_MOVE = YES;
				CLANG_WARN_UNGUARDED_AVAILABILITY = YES_AGGRESSIVE;
				CLANG_WARN_UNREACHABLE_CODE = YES;
				CLANG_WARN__DUPLICATE_METHOD_MATCH = YES;
				COPY_PHASE_STRIP = NO;
				DEBUG_INFORMATION_FORMAT = "dwarf-with-dsym";
				ENABLE_NS_ASSERTIONS = NO;
				ENABLE_STRICT_OBJC_MSGSEND = YES;
				GCC_C_LANGUAGE_STANDARD = gnu11;
				GCC_NO_COMMON_BLOCKS = YES;
				GCC_WARN_64_TO_32_BIT_CONVERSION = YES;
				GCC_WARN_ABOUT_RETURN_TYPE = YES_ERROR;
				GCC_WARN_UNDECLARED_SELECTOR = YES;
				GCC_WARN_UNINITIALIZED_AUTOS = YES_AGGRESSIVE;
				GCC_WARN_UNUSED_FUNCTION = YES;
				GCC_WARN_UNUSED_VARIABLE = YES;
				IPHONEOS_DEPLOYMENT_TARGET = 16.4;
				MTL_ENABLE_DEBUG_INFO = NO;
				MTL_FAST_MATH = YES;
				SDKROOT = iphoneos;
				SWIFT_COMPILATION_MODE = wholemodule;
				SWIFT_OPTIMIZATION_LEVEL = "-O";
				VALIDATE_PRODUCT = YES;
			};
			name = Release;
		};
		D0429E172A5506E0006977A6 /* Debug */ = {
			isa = XCBuildConfiguration;
			buildSettings = {
				ASSETCATALOG_COMPILER_APPICON_NAME = AppIcon;
				ASSETCATALOG_COMPILER_GLOBAL_ACCENT_COLOR_NAME = AccentColor;
				CODE_SIGN_STYLE = Automatic;
				CURRENT_PROJECT_VERSION = 1;
				DEVELOPMENT_ASSET_PATHS = "\"company catalog/Preview Content\"";
				ENABLE_PREVIEWS = YES;
				GENERATE_INFOPLIST_FILE = YES;
				INFOPLIST_KEY_UIApplicationSceneManifest_Generation = YES;
				INFOPLIST_KEY_UIApplicationSupportsIndirectInputEvents = YES;
				INFOPLIST_KEY_UILaunchScreen_Generation = YES;
				INFOPLIST_KEY_UISupportedInterfaceOrientations_iPad = "UIInterfaceOrientationPortrait UIInterfaceOrientationPortraitUpsideDown UIInterfaceOrientationLandscapeLeft UIInterfaceOrientationLandscapeRight";
				INFOPLIST_KEY_UISupportedInterfaceOrientations_iPhone = "UIInterfaceOrientationPortrait UIInterfaceOrientationLandscapeLeft UIInterfaceOrientationLandscapeRight";
				LD_RUNPATH_SEARCH_PATHS = (
					"$(inherited)",
					"@executable_path/Frameworks",
				);
				MARKETING_VERSION = 1.0;
				PRODUCT_BUNDLE_IDENTIFIER = "id.ydhstj.company-catalog";
				PRODUCT_NAME = "$(TARGET_NAME)";
				SWIFT_EMIT_LOC_STRINGS = YES;
				SWIFT_VERSION = 5.0;
				TARGETED_DEVICE_FAMILY = "1,2";
			};
			name = Debug;
		};
		D0429E182A5506E0006977A6 /* Release */ = {
			isa = XCBuildConfiguration;
			buildSettings = {
				ASSETCATALOG_COMPILER_APPICON_NAME = AppIcon;
				ASSETCATALOG_COMPILER_GLOBAL_ACCENT_COLOR_NAME = AccentColor;
				CODE_SIGN_STYLE = Automatic;
				CURRENT_PROJECT_VERSION = 1;
				DEVELOPMENT_ASSET_PATHS = "\"company catalog/Preview Content\"";
				ENABLE_PREVIEWS = YES;
				GENERATE_INFOPLIST_FILE = YES;
				INFOPLIST_KEY_UIApplicationSceneManifest_Generation = YES;
				INFOPLIST_KEY_UIApplicationSupportsIndirectInputEvents = YES;
				INFOPLIST_KEY_UILaunchScreen_Generation = YES;
				INFOPLIST_KEY_UISupportedInterfaceOrientations_iPad = "UIInterfaceOrientationPortrait UIInterfaceOrientationPortraitUpsideDown UIInterfaceOrientationLandscapeLeft UIInterfaceOrientationLandscapeRight";
				INFOPLIST_KEY_UISupportedInterfaceOrientations_iPhone = "UIInterfaceOrientationPortrait UIInterfaceOrientationLandscapeLeft UIInterfaceOrientationLandscapeRight";
				LD_RUNPATH_SEARCH_PATHS = (
					"$(inherited)",
					"@executable_path/Frameworks",
				);
				MARKETING_VERSION = 1.0;
				PRODUCT_BUNDLE_IDENTIFIER = "id.ydhstj.company-catalog";
				PRODUCT_NAME = "$(TARGET_NAME)";
				SWIFT_EMIT_LOC_STRINGS = YES;
				SWIFT_VERSION = 5.0;
				TARGETED_DEVICE_FAMILY = "1,2";
			};
			name = Release;
		};
		D0A60D352A56F0F3002D4359 /* Debug */ = {
			isa = XCBuildConfiguration;
			buildSettings = {
				BUNDLE_LOADER = "$(TEST_HOST)";
				CODE_SIGN_STYLE = Automatic;
				CURRENT_PROJECT_VERSION = 1;
				GENERATE_INFOPLIST_FILE = YES;
				MARKETING_VERSION = 1.0;
				PRODUCT_BUNDLE_IDENTIFIER = "id.ydhstj.company-catalogTests";
				PRODUCT_NAME = "$(TARGET_NAME)";
				SWIFT_EMIT_LOC_STRINGS = NO;
				SWIFT_VERSION = 5.0;
				TARGETED_DEVICE_FAMILY = "1,2";
				TEST_HOST = "$(BUILT_PRODUCTS_DIR)/company catalog.app/$(BUNDLE_EXECUTABLE_FOLDER_PATH)/company catalog";
			};
			name = Debug;
		};
		D0A60D362A56F0F3002D4359 /* Release */ = {
			isa = XCBuildConfiguration;
			buildSettings = {
				BUNDLE_LOADER = "$(TEST_HOST)";
				CODE_SIGN_STYLE = Automatic;
				CURRENT_PROJECT_VERSION = 1;
				GENERATE_INFOPLIST_FILE = YES;
				MARKETING_VERSION = 1.0;
				PRODUCT_BUNDLE_IDENTIFIER = "id.ydhstj.company-catalogTests";
				PRODUCT_NAME = "$(TARGET_NAME)";
				SWIFT_EMIT_LOC_STRINGS = NO;
				SWIFT_VERSION = 5.0;
				TARGETED_DEVICE_FAMILY = "1,2";
				TEST_HOST = "$(BUILT_PRODUCTS_DIR)/company catalog.app/$(BUNDLE_EXECUTABLE_FOLDER_PATH)/company catalog";
			};
			name = Release;
		};
/* End XCBuildConfiguration section */

/* Begin XCConfigurationList section */
		D0429E032A5506DF006977A6 /* Build configuration list for PBXProject "company catalog" */ = {
			isa = XCConfigurationList;
			buildConfigurations = (
				D0429E142A5506E0006977A6 /* Debug */,
				D0429E152A5506E0006977A6 /* Release */,
			);
			defaultConfigurationIsVisible = 0;
			defaultConfigurationName = Release;
		};
		D0429E162A5506E0006977A6 /* Build configuration list for PBXNativeTarget "company catalog" */ = {
			isa = XCConfigurationList;
			buildConfigurations = (
				D0429E172A5506E0006977A6 /* Debug */,
				D0429E182A5506E0006977A6 /* Release */,
			);
			defaultConfigurationIsVisible = 0;
			defaultConfigurationName = Release;
		};
		D0A60D342A56F0F3002D4359 /* Build configuration list for PBXNativeTarget "company catalogTests" */ = {
			isa = XCConfigurationList;
			buildConfigurations = (
				D0A60D352A56F0F3002D4359 /* Debug */,
				D0A60D362A56F0F3002D4359 /* Release */,
			);
			defaultConfigurationIsVisible = 0;
			defaultConfigurationName = Release;
		};
/* End XCConfigurationList section */
	};
	rootObject = D0429E002A5506DF006977A6 /* Project object */;
}
